
Microsoft Visual Studio Solution File, Format Version 12.00
# Visual Studio Version 17
VisualStudioVersion = 17.5.33627.172
MinimumVisualStudioVersion = 10.0.40219.1
Project("{8BC9CEB8-8B4A-11D0-8D11-00A0C91BC942}") = "ring3-gui", "ring3-gui\ring3-gui.vcxproj", "{95440A3C-2E8D-42C5-8A36-4EDE0881BC0C}"
EndProject
Global
	GlobalSection(SolutionConfigurationPlatforms) = preSolution
		Debug|x64 = Debug|x64
		Debug|x86 = Debug|x86
		Release|x64 = Release|x64
		Release|x86 = Release|x86
	EndGlobalSection
	GlobalSection(ProjectConfigurationPlatforms) = postSolution
		{95440A3C-2E8D-42C5-8A36-4EDE0881BC0C}.Debug|x64.ActiveCfg = Debug|x64
		{95440A3C-2E8D-42C5-8A36-4EDE0881BC0C}.Debug|x64.Build.0 = Debug|x64
		{95440A3C-2E8D-42C5-8A36-4EDE0881BC0C}.Debug|x86.ActiveCfg = Debug|Win32
		{95440A3C-2E8D-42C5-8A36-4EDE0881BC0C}.Debug|x86.Build.0 = Debug|Win32
		{95440A3C-2E8D-42C5-8A36-4EDE0881BC0C}.Release|x64.ActiveCfg = Release|x64
		{95440A3C-2E8D-42C5-8A36-4EDE0881BC0C}.Release|x64.Build.0 = Release|x64
		{95440A3C-2E8D-42C5-8A36-4EDE0881BC0C}.Release|x86.ActiveCfg = Release|Win32
		{95440A3C-2E8D-42C5-8A36-4EDE0881BC0C}.Release|x86.Build.0 = Release|Win32
	EndGlobalSection
	GlobalSection(SolutionProperties) = preSolution
		HideSolutionNode = FALSE
	EndGlobalSection
	GlobalSection(ExtensibilityGlobals) = postSolution
		SolutionGuid = {939ADE3A-F6A9-4C82-A8DB-27D75101CB94}
	EndGlobalSection
EndGlobal
